
Microsoft Visual Studio Solution File, Format Version 12.00
# Visual Studio Version 16
VisualStudioVersion = 25.0.1706.6
MinimumVisualStudioVersion = 10.0.40219.1
Project("{FAE04EC0-301F-11D3-BF4B-00C04F79EFBC}") = "PROG6_BeestjeOpJeFeestje", "PROG6_BeestjeOpJeFeestje\PROG6_BeestjeOpJeFeestje.csproj", "{905FD179-C7A6-49EC-B541-FA6B73500058}"
EndProject
Project("{FAE04EC0-301F-11D3-BF4B-00C04F79EFBC}") = "PROG6_BeestjeOpJeFeestje.Domain", "PROG6_BeestjeOpJeFeestje.Domain\PROG6_BeestjeOpJeFeestje.Domain.csproj", "{86BE1F62-5005-4E12-9232-803753D29A50}"
EndProject
Project("{FAE04EC0-301F-11D3-BF4B-00C04F79EFBC}") = "PROG6_BeestjeOpJeFeestje.Test", "PROG6_BeestjeOpJeFeestje.Test\PROG6_BeestjeOpJeFeestje.Test.csproj", "{FB7EF3B1-BCC9-425E-B480-09BDFBE5FCE7}"
EndProject
Global
	GlobalSection(SolutionConfigurationPlatforms) = preSolution
		Debug|Any CPU = Debug|Any CPU
		Release|Any CPU = Release|Any CPU
	EndGlobalSection
	GlobalSection(ProjectConfigurationPlatforms) = postSolution
		{905FD179-C7A6-49EC-B541-FA6B73500058}.Debug|Any CPU.ActiveCfg = Debug|Any CPU
		{905FD179-C7A6-49EC-B541-FA6B73500058}.Debug|Any CPU.Build.0 = Debug|Any CPU
		{905FD179-C7A6-49EC-B541-FA6B73500058}.Release|Any CPU.ActiveCfg = Release|Any CPU
		{905FD179-C7A6-49EC-B541-FA6B73500058}.Release|Any CPU.Build.0 = Release|Any CPU
		{86BE1F62-5005-4E12-9232-803753D29A50}.Debug|Any CPU.ActiveCfg = Debug|Any CPU
		{86BE1F62-5005-4E12-9232-803753D29A50}.Debug|Any CPU.Build.0 = Debug|Any CPU
		{86BE1F62-5005-4E12-9232-803753D29A50}.Release|Any CPU.ActiveCfg = Release|Any CPU
		{86BE1F62-5005-4E12-9232-803753D29A50}.Release|Any CPU.Build.0 = Release|Any CPU
		{FB7EF3B1-BCC9-425E-B480-09BDFBE5FCE7}.Debug|Any CPU.ActiveCfg = Debug|Any CPU
		{FB7EF3B1-BCC9-425E-B480-09BDFBE5FCE7}.Debug|Any CPU.Build.0 = Debug|Any CPU
		{FB7EF3B1-BCC9-425E-B480-09BDFBE5FCE7}.Release|Any CPU.ActiveCfg = Release|Any CPU
		{FB7EF3B1-BCC9-425E-B480-09BDFBE5FCE7}.Release|Any CPU.Build.0 = Release|Any CPU
	EndGlobalSection
	GlobalSection(SolutionProperties) = preSolution
		HideSolutionNode = FALSE
	EndGlobalSection
	GlobalSection(ExtensibilityGlobals) = postSolution
		SolutionGuid = {2BF866EC-6F46-4E99-903F-0E32F51F9DC7}
	EndGlobalSection
EndGlobal
